// !$*UTF8*$!
{
	archiveVersion = 1;
	classes = {
	};
	objectVersion = 50;
	objects = {

/* Begin PBXBuildFile section */
		9B1BFD2223C53E29001B3E79 /* AppDelegate.swift in Sources */ = {isa = PBXBuildFile; fileRef = 9B1BFD2123C53E29001B3E79 /* AppDelegate.swift */; };
		9B1BFD2423C53E29001B3E79 /* SceneDelegate.swift in Sources */ = {isa = PBXBuildFile; fileRef = 9B1BFD2323C53E29001B3E79 /* SceneDelegate.swift */; };
		9B1BFD2623C53E29001B3E79 /* ViewController.swift in Sources */ = {isa = PBXBuildFile; fileRef = 9B1BFD2523C53E29001B3E79 /* ViewController.swift */; };
		9B1BFD2923C53E29001B3E79 /* Main.storyboard in Resources */ = {isa = PBXBuildFile; fileRef = 9B1BFD2723C53E29001B3E79 /* Main.storyboard */; };
		9B1BFD2B23C53E29001B3E79 /* Assets.xcassets in Resources */ = {isa = PBXBuildFile; fileRef = 9B1BFD2A23C53E29001B3E79 /* Assets.xcassets */; };
		9B1BFD2E23C53E29001B3E79 /* LaunchScreen.storyboard in Resources */ = {isa = PBXBuildFile; fileRef = 9B1BFD2C23C53E29001B3E79 /* LaunchScreen.storyboard */; };
		9B1BFD3923C53E29001B3E79 /* animation_DemoTests.swift in Sources */ = {isa = PBXBuildFile; fileRef = 9B1BFD3823C53E29001B3E79 /* animation_DemoTests.swift */; };
		9B1BFD4423C53E2A001B3E79 /* animation_DemoUITests.swift in Sources */ = {isa = PBXBuildFile; fileRef = 9B1BFD4323C53E2A001B3E79 /* animation_DemoUITests.swift */; };
/* End PBXBuildFile section */

/* Begin PBXContainerItemProxy section */
		9B1BFD3523C53E29001B3E79 /* PBXContainerItemProxy */ = {
			isa = PBXContainerItemProxy;
			containerPortal = 9B1BFD1623C53E29001B3E79 /* Project object */;
			proxyType = 1;
			remoteGlobalIDString = 9B1BFD1D23C53E29001B3E79;
			remoteInfo = "animation Demo";
		};
		9B1BFD4023C53E2A001B3E79 /* PBXContainerItemProxy */ = {
			isa = PBXContainerItemProxy;
			containerPortal = 9B1BFD1623C53E29001B3E79 /* Project object */;
			proxyType = 1;
			remoteGlobalIDString = 9B1BFD1D23C53E29001B3E79;
			remoteInfo = "animation Demo";
		};
/* End PBXContainerItemProxy section */

/* Begin PBXFileReference section */
		9B1BFD1E23C53E29001B3E79 /* animation Demo.app */ = {isa = PBXFileReference; explicitFileType = wrapper.application; includeInIndex = 0; path = "animation Demo.app"; sourceTree = BUILT_PRODUCTS_DIR; };
		9B1BFD2123C53E29001B3E79 /* AppDelegate.swift */ = {isa = PBXFileReference; lastKnownFileType = sourcecode.swift; path = AppDelegate.swift; sourceTree = "<group>"; };
		9B1BFD2323C53E29001B3E79 /* SceneDelegate.swift */ = {isa = PBXFileReference; lastKnownFileType = sourcecode.swift; path = SceneDelegate.swift; sourceTree = "<group>"; };
		9B1BFD2523C53E29001B3E79 /* ViewController.swift */ = {isa = PBXFileReference; lastKnownFileType = sourcecode.swift; path = ViewController.swift; sourceTree = "<group>"; };
		9B1BFD2823C53E29001B3E79 /* Base */ = {isa = PBXFileReference; lastKnownFileType = file.storyboard; name = Base; path = Base.lproj/Main.storyboard; sourceTree = "<group>"; };
		9B1BFD2A23C53E29001B3E79 /* Assets.xcassets */ = {isa = PBXFileReference; lastKnownFileType = folder.assetcatalog; path = Assets.xcassets; sourceTree = "<group>"; };
		9B1BFD2D23C53E29001B3E79 /* Base */ = {isa = PBXFileReference; lastKnownFileType = file.storyboard; name = Base; path = Base.lproj/LaunchScreen.storyboard; sourceTree = "<group>"; };
		9B1BFD2F23C53E29001B3E79 /* Info.plist */ = {isa = PBXFileReference; lastKnownFileType = text.plist.xml; path = Info.plist; sourceTree = "<group>"; };
		9B1BFD3423C53E29001B3E79 /* animation DemoTests.xctest */ = {isa = PBXFileReference; explicitFileType = wrapper.cfbundle; includeInIndex = 0; path = "animation DemoTests.xctest"; sourceTree = BUILT_PRODUCTS_DIR; };
		9B1BFD3823C53E29001B3E79 /* animation_DemoTests.swift */ = {isa = PBXFileReference; lastKnownFileType = sourcecode.swift; path = animation_DemoTests.swift; sourceTree = "<group>"; };
		9B1BFD3A23C53E2A001B3E79 /* Info.plist */ = {isa = PBXFileReference; lastKnownFileType = text.plist.xml; path = Info.plist; sourceTree = "<group>"; };
		9B1BFD3F23C53E2A001B3E79 /* animation DemoUITests.xctest */ = {isa = PBXFileReference; explicitFileType = wrapper.cfbundle; includeInIndex = 0; path = "animation DemoUITests.xctest"; sourceTree = BUILT_PRODUCTS_DIR; };
		9B1BFD4323C53E2A001B3E79 /* animation_DemoUITests.swift */ = {isa = PBXFileReference; lastKnownFileType = sourcecode.swift; path = animation_DemoUITests.swift; sourceTree = "<group>"; };
		9B1BFD4523C53E2A001B3E79 /* Info.plist */ = {isa = PBXFileReference; lastKnownFileType = text.plist.xml; path = Info.plist; sourceTree = "<group>"; };
/* End PBXFileReference section */

/* Begin PBXFrameworksBuildPhase section */
		9B1BFD1B23C53E29001B3E79 /* Frameworks */ = {
			isa = PBXFrameworksBuildPhase;
			buildActionMask = 2147483647;
			files = (
			);
			runOnlyForDeploymentPostprocessing = 0;
		};
		9B1BFD3123C53E29001B3E79 /* Frameworks */ = {
			isa = PBXFrameworksBuildPhase;
			buildActionMask = 2147483647;
			files = (
			);
			runOnlyForDeploymentPostprocessing = 0;
		};
		9B1BFD3C23C53E2A001B3E79 /* Frameworks */ = {
			isa = PBXFrameworksBuildPhase;
			buildActionMask = 2147483647;
			files = (
			);
			runOnlyForDeploymentPostprocessing = 0;
		};
/* End PBXFrameworksBuildPhase section */

/* Begin PBXGroup section */
		9B1BFD1523C53E29001B3E79 = {
			isa = PBXGroup;
			children = (
				9B1BFD2023C53E29001B3E79 /* animation Demo */,
				9B1BFD3723C53E29001B3E79 /* animation DemoTests */,
				9B1BFD4223C53E2A001B3E79 /* animation DemoUITests */,
				9B1BFD1F23C53E29001B3E79 /* Products */,
			);
			sourceTree = "<group>";
		};
		9B1BFD1F23C53E29001B3E79 /* Products */ = {
			isa = PBXGroup;
			children = (
				9B1BFD1E23C53E29001B3E79 /* animation Demo.app */,
				9B1BFD3423C53E29001B3E79 /* animation DemoTests.xctest */,
				9B1BFD3F23C53E2A001B3E79 /* animation DemoUITests.xctest */,
			);
			name = Products;
			sourceTree = "<group>";
		};
		9B1BFD2023C53E29001B3E79 /* animation Demo */ = {
			isa = PBXGroup;
			children = (
				9B1BFD2123C53E29001B3E79 /* AppDelegate.swift */,
				9B1BFD2323C53E29001B3E79 /* SceneDelegate.swift */,
				9B1BFD2523C53E29001B3E79 /* ViewController.swift */,
				9B1BFD2723C53E29001B3E79 /* Main.storyboard */,
				9B1BFD2A23C53E29001B3E79 /* Assets.xcassets */,
				9B1BFD2C23C53E29001B3E79 /* LaunchScreen.storyboard */,
				9B1BFD2F23C53E29001B3E79 /* Info.plist */,
			);
			path = "animation Demo";
			sourceTree = "<group>";
		};
		9B1BFD3723C53E29001B3E79 /* animation DemoTests */ = {
			isa = PBXGroup;
			children = (
				9B1BFD3823C53E29001B3E79 /* animation_DemoTests.swift */,
				9B1BFD3A23C53E2A001B3E79 /* Info.plist */,
			);
			path = "animation DemoTests";
			sourceTree = "<group>";
		};
		9B1BFD4223C53E2A001B3E79 /* animation DemoUITests */ = {
			isa = PBXGroup;
			children = (
				9B1BFD4323C53E2A001B3E79 /* animation_DemoUITests.swift */,
				9B1BFD4523C53E2A001B3E79 /* Info.plist */,
			);
			path = "animation DemoUITests";
			sourceTree = "<group>";
		};
/* End PBXGroup section */

/* Begin PBXNativeTarget section */
		9B1BFD1D23C53E29001B3E79 /* animation Demo */ = {
			isa = PBXNativeTarget;
			buildConfigurationList = 9B1BFD4823C53E2A001B3E79 /* Build configuration list for PBXNativeTarget "animation Demo" */;
			buildPhases = (
				9B1BFD1A23C53E29001B3E79 /* Sources */,
				9B1BFD1B23C53E29001B3E79 /* Frameworks */,
				9B1BFD1C23C53E29001B3E79 /* Resources */,
			);
			buildRules = (
			);
			dependencies = (
			);
			name = "animation Demo";
			productName = "animation Demo";
			productReference = 9B1BFD1E23C53E29001B3E79 /* animation Demo.app */;
			productType = "com.apple.product-type.application";
		};
		9B1BFD3323C53E29001B3E79 /* animation DemoTests */ = {
			isa = PBXNativeTarget;
			buildConfigurationList = 9B1BFD4B23C53E2A001B3E79 /* Build configuration list for PBXNativeTarget "animation DemoTests" */;
			buildPhases = (
				9B1BFD3023C53E29001B3E79 /* Sources */,
				9B1BFD3123C53E29001B3E79 /* Frameworks */,
				9B1BFD3223C53E29001B3E79 /* Resources */,
			);
			buildRules = (
			);
			dependencies = (
				9B1BFD3623C53E29001B3E79 /* PBXTargetDependency */,
			);
			name = "animation DemoTests";
			productName = "animation DemoTests";
			productReference = 9B1BFD3423C53E29001B3E79 /* animation DemoTests.xctest */;
			productType = "com.apple.product-type.bundle.unit-test";
		};
		9B1BFD3E23C53E2A001B3E79 /* animation DemoUITests */ = {
			isa = PBXNativeTarget;
			buildConfigurationList = 9B1BFD4E23C53E2A001B3E79 /* Build configuration list for PBXNativeTarget "animation DemoUITests" */;
			buildPhases = (
				9B1BFD3B23C53E2A001B3E79 /* Sources */,
				9B1BFD3C23C53E2A001B3E79 /* Frameworks */,
				9B1BFD3D23C53E2A001B3E79 /* Resources */,
			);
			buildRules = (
			);
			dependencies = (
				9B1BFD4123C53E2A001B3E79 /* PBXTargetDependency */,
			);
			name = "animation DemoUITests";
			productName = "animation DemoUITests";
			productReference = 9B1BFD3F23C53E2A001B3E79 /* animation DemoUITests.xctest */;
			productType = "com.apple.product-type.bundle.ui-testing";
		};
/* End PBXNativeTarget section */

/* Begin PBXProject section */
		9B1BFD1623C53E29001B3E79 /* Project object */ = {
			isa = PBXProject;
			attributes = {
				LastSwiftUpdateCheck = 1130;
				LastUpgradeCheck = 1130;
				ORGANIZATIONNAME = MacStudent;
				TargetAttributes = {
					9B1BFD1D23C53E29001B3E79 = {
						CreatedOnToolsVersion = 11.3;
					};
					9B1BFD3323C53E29001B3E79 = {
						CreatedOnToolsVersion = 11.3;
						TestTargetID = 9B1BFD1D23C53E29001B3E79;
					};
					9B1BFD3E23C53E2A001B3E79 = {
						CreatedOnToolsVersion = 11.3;
						TestTargetID = 9B1BFD1D23C53E29001B3E79;
					};
				};
			};
			buildConfigurationList = 9B1BFD1923C53E29001B3E79 /* Build configuration list for PBXProject "animation Demo" */;
			compatibilityVersion = "Xcode 9.3";
			developmentRegion = en;
			hasScannedForEncodings = 0;
			knownRegions = (
				en,
				Base,
			);
			mainGroup = 9B1BFD1523C53E29001B3E79;
			productRefGroup = 9B1BFD1F23C53E29001B3E79 /* Products */;
			projectDirPath = "";
			projectRoot = "";
			targets = (
				9B1BFD1D23C53E29001B3E79 /* animation Demo */,
				9B1BFD3323C53E29001B3E79 /* animation DemoTests */,
				9B1BFD3E23C53E2A001B3E79 /* animation DemoUITests */,
			);
		};
/* End PBXProject section */

/* Begin PBXResourcesBuildPhase section */
		9B1BFD1C23C53E29001B3E79 /* Resources */ = {
			isa = PBXResourcesBuildPhase;
			buildActionMask = 2147483647;
			files = (
				9B1BFD2E23C53E29001B3E79 /* LaunchScreen.storyboard in Resources */,
				9B1BFD2B23C53E29001B3E79 /* Assets.xcassets in Resources */,
				9B1BFD2923C53E29001B3E79 /* Main.storyboard in Resources */,
			);
			runOnlyForDeploymentPostprocessing = 0;
		};
		9B1BFD3223C53E29001B3E79 /* Resources */ = {
			isa = PBXResourcesBuildPhase;
			buildActionMask = 2147483647;
			files = (
			);
			runOnlyForDeploymentPostprocessing = 0;
		};
		9B1BFD3D23C53E2A001B3E79 /* Resources */ = {
			isa = PBXResourcesBuildPhase;
			buildActionMask = 2147483647;
			files = (
			);
			runOnlyForDeploymentPostprocessing = 0;
		};
/* End PBXResourcesBuildPhase section */

/* Begin PBXSourcesBuildPhase section */
		9B1BFD1A23C53E29001B3E79 /* Sources */ = {
			isa = PBXSourcesBuildPhase;
			buildActionMask = 2147483647;
			files = (
				9B1BFD2623C53E29001B3E79 /* ViewController.swift in Sources */,
				9B1BFD2223C53E29001B3E79 /* AppDelegate.swift in Sources */,
				9B1BFD2423C53E29001B3E79 /* SceneDelegate.swift in Sources */,
			);
			runOnlyForDeploymentPostprocessing = 0;
		};
		9B1BFD3023C53E29001B3E79 /* Sources */ = {
			isa = PBXSourcesBuildPhase;
			buildActionMask = 2147483647;
			files = (
				9B1BFD3923C53E29001B3E79 /* animation_DemoTests.swift in Sources */,
			);
			runOnlyForDeploymentPostprocessing = 0;
		};
		9B1BFD3B23C53E2A001B3E79 /* Sources */ = {
			isa = PBXSourcesBuildPhase;
			buildActionMask = 2147483647;
			files = (
				9B1BFD4423C53E2A001B3E79 /* animation_DemoUITests.swift in Sources */,
			);
			runOnlyForDeploymentPostprocessing = 0;
		};
/* End PBXSourcesBuildPhase section */

/* Begin PBXTargetDependency section */
		9B1BFD3623C53E29001B3E79 /* PBXTargetDependency */ = {
			isa = PBXTargetDependency;
			target = 9B1BFD1D23C53E29001B3E79 /* animation Demo */;
			targetProxy = 9B1BFD3523C53E29001B3E79 /* PBXContainerItemProxy */;
		};
		9B1BFD4123C53E2A001B3E79 /* PBXTargetDependency */ = {
			isa = PBXTargetDependency;
			target = 9B1BFD1D23C53E29001B3E79 /* animation Demo */;
			targetProxy = 9B1BFD4023C53E2A001B3E79 /* PBXContainerItemProxy */;
		};
/* End PBXTargetDependency section */

/* Begin PBXVariantGroup section */
		9B1BFD2723C53E29001B3E79 /* Main.storyboard */ = {
			isa = PBXVariantGroup;
			children = (
				9B1BFD2823C53E29001B3E79 /* Base */,
			);
			name = Main.storyboard;
			sourceTree = "<group>";
		};
		9B1BFD2C23C53E29001B3E79 /* LaunchScreen.storyboard */ = {
			isa = PBXVariantGroup;
			children = (
				9B1BFD2D23C53E29001B3E79 /* Base */,
			);
			name = LaunchScreen.storyboard;
			sourceTree = "<group>";
		};
/* End PBXVariantGroup section */

/* Begin XCBuildConfiguration section */
		9B1BFD4623C53E2A001B3E79 /* Debug */ = {
			isa = XCBuildConfiguration;
			buildSettings = {
				ALWAYS_SEARCH_USER_PATHS = NO;
				CLANG_ANALYZER_NONNULL = YES;
				CLANG_ANALYZER_NUMBER_OBJECT_CONVERSION = YES_AGGRESSIVE;
				CLANG_CXX_LANGUAGE_STANDARD = "gnu++14";
				CLANG_CXX_LIBRARY = "libc++";
				CLANG_ENABLE_MODULES = YES;
				CLANG_ENABLE_OBJC_ARC = YES;
				CLANG_ENABLE_OBJC_WEAK = YES;
				CLANG_WARN_BLOCK_CAPTURE_AUTORELEASING = YES;
				CLANG_WARN_BOOL_CONVERSION = YES;
				CLANG_WARN_COMMA = YES;
				CLANG_WARN_CONSTANT_CONVERSION = YES;
				CLANG_WARN_DEPRECATED_OBJC_IMPLEMENTATIONS = YES;
				CLANG_WARN_DIRECT_OBJC_ISA_USAGE = YES_ERROR;
				CLANG_WARN_DOCUMENTATION_COMMENTS = YES;
				CLANG_WARN_EMPTY_BODY = YES;
				CLANG_WARN_ENUM_CONVERSION = YES;
				CLANG_WARN_INFINITE_RECURSION = YES;
				CLANG_WARN_INT_CONVERSION = YES;
				CLANG_WARN_NON_LITERAL_NULL_CONVERSION = YES;
				CLANG_WARN_OBJC_IMPLICIT_RETAIN_SELF = YES;
				CLANG_WARN_OBJC_LITERAL_CONVERSION = YES;
				CLANG_WARN_OBJC_ROOT_CLASS = YES_ERROR;
				CLANG_WARN_RANGE_LOOP_ANALYSIS = YES;
				CLANG_WARN_STRICT_PROTOTYPES = YES;
				CLANG_WARN_SUSPICIOUS_MOVE = YES;
				CLANG_WARN_UNGUARDED_AVAILABILITY = YES_AGGRESSIVE;
				CLANG_WARN_UNREACHABLE_CODE = YES;
				CLANG_WARN__DUPLICATE_METHOD_MATCH = YES;
				COPY_PHASE_STRIP = NO;
				DEBUG_INFORMATION_FORMAT = dwarf;
				ENABLE_STRICT_OBJC_MSGSEND = YES;
				ENABLE_TESTABILITY = YES;
				GCC_C_LANGUAGE_STANDARD = gnu11;
				GCC_DYNAMIC_NO_PIC = NO;
				GCC_NO_COMMON_BLOCKS = YES;
				GCC_OPTIMIZATION_LEVEL = 0;
				GCC_PREPROCESSOR_DEFINITIONS = (
					"DEBUG=1",
					"$(inherited)",
				);
				GCC_WARN_64_TO_32_BIT_CONVERSION = YES;
				GCC_WARN_ABOUT_RETURN_TYPE = YES_ERROR;
				GCC_WARN_UNDECLARED_SELECTOR = YES;
				GCC_WARN_UNINITIALIZED_AUTOS = YES_AGGRESSIVE;
				GCC_WARN_UNUSED_FUNCTION = YES;
				GCC_WARN_UNUSED_VARIABLE = YES;
				IPHONEOS_DEPLOYMENT_TARGET = 13.2;
				MTL_ENABLE_DEBUG_INFO = INCLUDE_SOURCE;
				MTL_FAST_MATH = YES;
				ONLY_ACTIVE_ARCH = YES;
				SDKROOT = iphoneos;
				SWIFT_ACTIVE_COMPILATION_CONDITIONS = DEBUG;
				SWIFT_OPTIMIZATION_LEVEL = "-Onone";
			};
			name = Debug;
		};
		9B1BFD4723C53E2A001B3E79 /* Release */ = {
			isa = XCBuildConfiguration;
			buildSettings = {
				ALWAYS_SEARCH_USER_PATHS = NO;
				CLANG_ANALYZER_NONNULL = YES;
				CLANG_ANALYZER_NUMBER_OBJECT_CONVERSION = YES_AGGRESSIVE;
				CLANG_CXX_LANGUAGE_STANDARD = "gnu++14";
				CLANG_CXX_LIBRARY = "libc++";
				CLANG_ENABLE_MODULES = YES;
				CLANG_ENABLE_OBJC_ARC = YES;
				CLANG_ENABLE_OBJC_WEAK = YES;
				CLANG_WARN_BLOCK_CAPTURE_AUTORELEASING = YES;
				CLANG_WARN_BOOL_CONVERSION = YES;
				CLANG_WARN_COMMA = YES;
				CLANG_WARN_CONSTANT_CONVERSION = YES;
				CLANG_WARN_DEPRECATED_OBJC_IMPLEMENTATIONS = YES;
				CLANG_WARN_DIRECT_OBJC_ISA_USAGE = YES_ERROR;
				CLANG_WARN_DOCUMENTATION_COMMENTS = YES;
				CLANG_WARN_EMPTY_BODY = YES;
				CLANG_WARN_ENUM_CONVERSION = YES;
				CLANG_WARN_INFINITE_RECURSION = YES;
				CLANG_WARN_INT_CONVERSION = YES;
				CLANG_WARN_NON_LITERAL_NULL_CONVERSION = YES;
				CLANG_WARN_OBJC_IMPLICIT_RETAIN_SELF = YES;
				CLANG_WARN_OBJC_LITERAL_CONVERSION = YES;
				CLANG_WARN_OBJC_ROOT_CLASS = YES_ERROR;
				CLANG_WARN_RANGE_LOOP_ANALYSIS = YES;
				CLANG_WARN_STRICT_PROTOTYPES = YES;
				CLANG_WARN_SUSPICIOUS_MOVE = YES;
				CLANG_WARN_UNGUARDED_AVAILABILITY = YES_AGGRESSIVE;
				CLANG_WARN_UNREACHABLE_CODE = YES;
				CLANG_WARN__DUPLICATE_METHOD_MATCH = YES;
				COPY_PHASE_STRIP = NO;
				DEBUG_INFORMATION_FORMAT = "dwarf-with-dsym";
				ENABLE_NS_ASSERTIONS = NO;
				ENABLE_STRICT_OBJC_MSGSEND = YES;
				GCC_C_LANGUAGE_STANDARD = gnu11;
				GCC_NO_COMMON_BLOCKS = YES;
				GCC_WARN_64_TO_32_BIT_CONVERSION = YES;
				GCC_WARN_ABOUT_RETURN_TYPE = YES_ERROR;
				GCC_WARN_UNDECLARED_SELECTOR = YES;
				GCC_WARN_UNINITIALIZED_AUTOS = YES_AGGRESSIVE;
				GCC_WARN_UNUSED_FUNCTION = YES;
				GCC_WARN_UNUSED_VARIABLE = YES;
				IPHONEOS_DEPLOYMENT_TARGET = 13.2;
				MTL_ENABLE_DEBUG_INFO = NO;
				MTL_FAST_MATH = YES;
				SDKROOT = iphoneos;
				SWIFT_COMPILATION_MODE = wholemodule;
				SWIFT_OPTIMIZATION_LEVEL = "-O";
				VALIDATE_PRODUCT = YES;
			};
			name = Release;
		};
		9B1BFD4923C53E2A001B3E79 /* Debug */ = {
			isa = XCBuildConfiguration;
			buildSettings = {
				ASSETCATALOG_COMPILER_APPICON_NAME = AppIcon;
				CODE_SIGN_STYLE = Automatic;
				INFOPLIST_FILE = "animation Demo/Info.plist";
				LD_RUNPATH_SEARCH_PATHS = (
					"$(inherited)",
					"@executable_path/Frameworks",
				);
				PRODUCT_BUNDLE_IDENTIFIER = "CestarCollege.animation-Demo";
				PRODUCT_NAME = "$(TARGET_NAME)";
				SWIFT_VERSION = 5.0;
				TARGETED_DEVICE_FAMILY = "1,2";
			};
			name = Debug;
		};
		9B1BFD4A23C53E2A001B3E79 /* Release */ = {
			isa = XCBuildConfiguration;
			buildSettings = {
				ASSETCATALOG_COMPILER_APPICON_NAME = AppIcon;
				CODE_SIGN_STYLE = Automatic;
				INFOPLIST_FILE = "animation Demo/Info.plist";
				LD_RUNPATH_SEARCH_PATHS = (
					"$(inherited)",
					"@executable_path/Frameworks",
				);
				PRODUCT_BUNDLE_IDENTIFIER = "CestarCollege.animation-Demo";
				PRODUCT_NAME = "$(TARGET_NAME)";
				SWIFT_VERSION = 5.0;
				TARGETED_DEVICE_FAMILY = "1,2";
			};
			name = Release;
		};
		9B1BFD4C23C53E2A001B3E79 /* Debug */ = {
			isa = XCBuildConfiguration;
			buildSettings = {
				ALWAYS_EMBED_SWIFT_STANDARD_LIBRARIES = YES;
				BUNDLE_LOADER = "$(TEST_HOST)";
				CODE_SIGN_STYLE = Automatic;
				INFOPLIST_FILE = "animation DemoTests/Info.plist";
				IPHONEOS_DEPLOYMENT_TARGET = 13.2;
				LD_RUNPATH_SEARCH_PATHS = (
					"$(inherited)",
					"@executable_path/Frameworks",
					"@loader_path/Frameworks",
				);
				PRODUCT_BUNDLE_IDENTIFIER = "CestarCollege.animation-DemoTests";
				PRODUCT_NAME = "$(TARGET_NAME)";
				SWIFT_VERSION = 5.0;
				TARGETED_DEVICE_FAMILY = "1,2";
				TEST_HOST = "$(BUILT_PRODUCTS_DIR)/animation Demo.app/animation Demo";
			};
			name = Debug;
		};
		9B1BFD4D23C53E2A001B3E79 /* Release */ = {
			isa = XCBuildConfiguration;
			buildSettings = {
				ALWAYS_EMBED_SWIFT_STANDARD_LIBRARIES = YES;
				BUNDLE_LOADER = "$(TEST_HOST)";
				CODE_SIGN_STYLE = Automatic;
				INFOPLIST_FILE = "animation DemoTests/Info.plist";
				IPHONEOS_DEPLOYMENT_TARGET = 13.2;
				LD_RUNPATH_SEARCH_PATHS = (
					"$(inherited)",
					"@executable_path/Frameworks",
					"@loader_path/Frameworks",
				);
				PRODUCT_BUNDLE_IDENTIFIER = "CestarCollege.animation-DemoTests";
				PRODUCT_NAME = "$(TARGET_NAME)";
				SWIFT_VERSION = 5.0;
				TARGETED_DEVICE_FAMILY = "1,2";
				TEST_HOST = "$(BUILT_PRODUCTS_DIR)/animation Demo.app/animation Demo";
			};
			name = Release;
		};
		9B1BFD4F23C53E2A001B3E79 /* Debug */ = {
			isa = XCBuildConfiguration;
			buildSettings = {
				ALWAYS_EMBED_SWIFT_STANDARD_LIBRARIES = YES;
				CODE_SIGN_STYLE = Automatic;
				INFOPLIST_FILE = "animation DemoUITests/Info.plist";
				LD_RUNPATH_SEARCH_PATHS = (
					"$(inherited)",
					"@executable_path/Frameworks",
					"@loader_path/Frameworks",
				);
				PRODUCT_BUNDLE_IDENTIFIER = "CestarCollege.animation-DemoUITests";
				PRODUCT_NAME = "$(TARGET_NAME)";
				SWIFT_VERSION = 5.0;
				TARGETED_DEVICE_FAMILY = "1,2";
				TEST_TARGET_NAME = "animation Demo";
			};
			name = Debug;
		};
		9B1BFD5023C53E2A001B3E79 /* Release */ = {
			isa = XCBuildConfiguration;
			buildSettings = {
				ALWAYS_EMBED_SWIFT_STANDARD_LIBRARIES = YES;
				CODE_SIGN_STYLE = Automatic;
				INFOPLIST_FILE = "animation DemoUITests/Info.plist";
				LD_RUNPATH_SEARCH_PATHS = (
					"$(inherited)",
					"@executable_path/Frameworks",
					"@loader_path/Frameworks",
				);
				PRODUCT_BUNDLE_IDENTIFIER = "CestarCollege.animation-DemoUITests";
				PRODUCT_NAME = "$(TARGET_NAME)";
				SWIFT_VERSION = 5.0;
				TARGETED_DEVICE_FAMILY = "1,2";
				TEST_TARGET_NAME = "animation Demo";
			};
			name = Release;
		};
/* End XCBuildConfiguration section */

/* Begin XCConfigurationList section */
		9B1BFD1923C53E29001B3E79 /* Build configuration list for PBXProject "animation Demo" */ = {
			isa = XCConfigurationList;
			buildConfigurations = (
				9B1BFD4623C53E2A001B3E79 /* Debug */,
				9B1BFD4723C53E2A001B3E79 /* Release */,
			);
			defaultConfigurationIsVisible = 0;
			defaultConfigurationName = Release;
		};
		9B1BFD4823C53E2A001B3E79 /* Build configuration list for PBXNativeTarget "animation Demo" */ = {
			isa = XCConfigurationList;
			buildConfigurations = (
				9B1BFD4923C53E2A001B3E79 /* Debug */,
				9B1BFD4A23C53E2A001B3E79 /* Release */,
			);
			defaultConfigurationIsVisible = 0;
			defaultConfigurationName = Release;
		};
		9B1BFD4B23C53E2A001B3E79 /* Build configuration list for PBXNativeTarget "animation DemoTests" */ = {
			isa = XCConfigurationList;
			buildConfigurations = (
				9B1BFD4C23C53E2A001B3E79 /* Debug */,
				9B1BFD4D23C53E2A001B3E79 /* Release */,
			);
			defaultConfigurationIsVisible = 0;
			defaultConfigurationName = Release;
		};
		9B1BFD4E23C53E2A001B3E79 /* Build configuration list for PBXNativeTarget "animation DemoUITests" */ = {
			isa = XCConfigurationList;
			buildConfigurations = (
				9B1BFD4F23C53E2A001B3E79 /* Debug */,
				9B1BFD5023C53E2A001B3E79 /* Release */,
			);
			defaultConfigurationIsVisible = 0;
			defaultConfigurationName = Release;
		};
/* End XCConfigurationList section */
	};
	rootObject = 9B1BFD1623C53E29001B3E79 /* Project object */;
}
